// !$*UTF8*$!
{
	archiveVersion = 1;
	classes = {
	};
	objectVersion = 50;
	objects = {

/* Begin PBXBuildFile section */
		440124E324590C0B000E0072 /* AppDelegate.m in Sources */ = {isa = PBXBuildFile; fileRef = 440124E224590C0B000E0072 /* AppDelegate.m */; };
		440124E624590C0C000E0072 /* SceneDelegate.m in Sources */ = {isa = PBXBuildFile; fileRef = 440124E524590C0C000E0072 /* SceneDelegate.m */; };
		440124EC24590C0C000E0072 /* Main.storyboard in Resources */ = {isa = PBXBuildFile; fileRef = 440124EA24590C0C000E0072 /* Main.storyboard */; };
		440124EE24590C0E000E0072 /* Assets.xcassets in Resources */ = {isa = PBXBuildFile; fileRef = 440124ED24590C0E000E0072 /* Assets.xcassets */; };
		440124F124590C0E000E0072 /* LaunchScreen.storyboard in Resources */ = {isa = PBXBuildFile; fileRef = 440124EF24590C0E000E0072 /* LaunchScreen.storyboard */; };
		440124F424590C0E000E0072 /* main.m in Sources */ = {isa = PBXBuildFile; fileRef = 440124F324590C0E000E0072 /* main.m */; };
		440124FC24590DE5000E0072 /* ContactsTableViewController.m in Sources */ = {isa = PBXBuildFile; fileRef = 440124FB24590DE5000E0072 /* ContactsTableViewController.m */; };
		440124FF24590E00000E0072 /* ContactsDetailViewController.m in Sources */ = {isa = PBXBuildFile; fileRef = 440124FE24590E00000E0072 /* ContactsDetailViewController.m */; };
		4401250224590E53000E0072 /* Contact.m in Sources */ = {isa = PBXBuildFile; fileRef = 4401250124590E53000E0072 /* Contact.m */; };
/* End PBXBuildFile section */

/* Begin PBXFileReference section */
		440124DE24590C0B000E0072 /* Contacts-ObjC.app */ = {isa = PBXFileReference; explicitFileType = wrapper.application; includeInIndex = 0; path = "Contacts-ObjC.app"; sourceTree = BUILT_PRODUCTS_DIR; };
		440124E124590C0B000E0072 /* AppDelegate.h */ = {isa = PBXFileReference; lastKnownFileType = sourcecode.c.h; path = AppDelegate.h; sourceTree = "<group>"; };
		440124E224590C0B000E0072 /* AppDelegate.m */ = {isa = PBXFileReference; lastKnownFileType = sourcecode.c.objc; path = AppDelegate.m; sourceTree = "<group>"; };
		440124E424590C0C000E0072 /* SceneDelegate.h */ = {isa = PBXFileReference; lastKnownFileType = sourcecode.c.h; path = SceneDelegate.h; sourceTree = "<group>"; };
		440124E524590C0C000E0072 /* SceneDelegate.m */ = {isa = PBXFileReference; lastKnownFileType = sourcecode.c.objc; path = SceneDelegate.m; sourceTree = "<group>"; };
		440124EB24590C0C000E0072 /* Base */ = {isa = PBXFileReference; lastKnownFileType = file.storyboard; name = Base; path = Base.lproj/Main.storyboard; sourceTree = "<group>"; };
		440124ED24590C0E000E0072 /* Assets.xcassets */ = {isa = PBXFileReference; lastKnownFileType = folder.assetcatalog; path = Assets.xcassets; sourceTree = "<group>"; };
		440124F024590C0E000E0072 /* Base */ = {isa = PBXFileReference; lastKnownFileType = file.storyboard; name = Base; path = Base.lproj/LaunchScreen.storyboard; sourceTree = "<group>"; };
		440124F224590C0E000E0072 /* Info.plist */ = {isa = PBXFileReference; lastKnownFileType = text.plist.xml; path = Info.plist; sourceTree = "<group>"; };
		440124F324590C0E000E0072 /* main.m */ = {isa = PBXFileReference; lastKnownFileType = sourcecode.c.objc; path = main.m; sourceTree = "<group>"; };
		440124FA24590DE5000E0072 /* ContactsTableViewController.h */ = {isa = PBXFileReference; lastKnownFileType = sourcecode.c.h; path = ContactsTableViewController.h; sourceTree = "<group>"; };
		440124FB24590DE5000E0072 /* ContactsTableViewController.m */ = {isa = PBXFileReference; lastKnownFileType = sourcecode.c.objc; path = ContactsTableViewController.m; sourceTree = "<group>"; };
		440124FD24590E00000E0072 /* ContactsDetailViewController.h */ = {isa = PBXFileReference; lastKnownFileType = sourcecode.c.h; path = ContactsDetailViewController.h; sourceTree = "<group>"; };
		440124FE24590E00000E0072 /* ContactsDetailViewController.m */ = {isa = PBXFileReference; lastKnownFileType = sourcecode.c.objc; path = ContactsDetailViewController.m; sourceTree = "<group>"; };
		4401250024590E53000E0072 /* Contact.h */ = {isa = PBXFileReference; lastKnownFileType = sourcecode.c.h; path = Contact.h; sourceTree = "<group>"; };
		4401250124590E53000E0072 /* Contact.m */ = {isa = PBXFileReference; lastKnownFileType = sourcecode.c.objc; path = Contact.m; sourceTree = "<group>"; };
/* End PBXFileReference section */

/* Begin PBXFrameworksBuildPhase section */
		440124DB24590C0B000E0072 /* Frameworks */ = {
			isa = PBXFrameworksBuildPhase;
			buildActionMask = 2147483647;
			files = (
			);
			runOnlyForDeploymentPostprocessing = 0;
		};
/* End PBXFrameworksBuildPhase section */

/* Begin PBXGroup section */
		440124D524590C0B000E0072 = {
			isa = PBXGroup;
			children = (
				440124E024590C0B000E0072 /* Contacts-ObjC */,
				440124DF24590C0B000E0072 /* Products */,
			);
			sourceTree = "<group>";
		};
		440124DF24590C0B000E0072 /* Products */ = {
			isa = PBXGroup;
			children = (
				440124DE24590C0B000E0072 /* Contacts-ObjC.app */,
			);
			name = Products;
			sourceTree = "<group>";
		};
		440124E024590C0B000E0072 /* Contacts-ObjC */ = {
			isa = PBXGroup;
			children = (
				440124E124590C0B000E0072 /* AppDelegate.h */,
				440124E224590C0B000E0072 /* AppDelegate.m */,
				440124E424590C0C000E0072 /* SceneDelegate.h */,
				440124E524590C0C000E0072 /* SceneDelegate.m */,
				4401250024590E53000E0072 /* Contact.h */,
				4401250124590E53000E0072 /* Contact.m */,
				440124FA24590DE5000E0072 /* ContactsTableViewController.h */,
				440124FB24590DE5000E0072 /* ContactsTableViewController.m */,
				440124FD24590E00000E0072 /* ContactsDetailViewController.h */,
				440124FE24590E00000E0072 /* ContactsDetailViewController.m */,
				440124EA24590C0C000E0072 /* Main.storyboard */,
				440124ED24590C0E000E0072 /* Assets.xcassets */,
				440124EF24590C0E000E0072 /* LaunchScreen.storyboard */,
				440124F224590C0E000E0072 /* Info.plist */,
				440124F324590C0E000E0072 /* main.m */,
			);
			path = "Contacts-ObjC";
			sourceTree = "<group>";
		};
/* End PBXGroup section */

/* Begin PBXNativeTarget section */
		440124DD24590C0B000E0072 /* Contacts-ObjC */ = {
			isa = PBXNativeTarget;
			buildConfigurationList = 440124F724590C0E000E0072 /* Build configuration list for PBXNativeTarget "Contacts-ObjC" */;
			buildPhases = (
				440124DA24590C0B000E0072 /* Sources */,
				440124DB24590C0B000E0072 /* Frameworks */,
				440124DC24590C0B000E0072 /* Resources */,
			);
			buildRules = (
			);
			dependencies = (
			);
			name = "Contacts-ObjC";
			productName = "Contacts-ObjC";
			productReference = 440124DE24590C0B000E0072 /* Contacts-ObjC.app */;
			productType = "com.apple.product-type.application";
		};
/* End PBXNativeTarget section */

/* Begin PBXProject section */
		440124D624590C0B000E0072 /* Project object */ = {
			isa = PBXProject;
			attributes = {
				LastUpgradeCheck = 1140;
				ORGANIZATIONNAME = craigswanson;
				TargetAttributes = {
					440124DD24590C0B000E0072 = {
						CreatedOnToolsVersion = 11.4.1;
					};
				};
			};
			buildConfigurationList = 440124D924590C0B000E0072 /* Build configuration list for PBXProject "Contacts-ObjC" */;
			compatibilityVersion = "Xcode 9.3";
			developmentRegion = en;
			hasScannedForEncodings = 0;
			knownRegions = (
				en,
				Base,
			);
			mainGroup = 440124D524590C0B000E0072;
			productRefGroup = 440124DF24590C0B000E0072 /* Products */;
			projectDirPath = "";
			projectRoot = "";
			targets = (
				440124DD24590C0B000E0072 /* Contacts-ObjC */,
			);
		};
/* End PBXProject section */

/* Begin PBXResourcesBuildPhase section */
		440124DC24590C0B000E0072 /* Resources */ = {
			isa = PBXResourcesBuildPhase;
			buildActionMask = 2147483647;
			files = (
				440124F124590C0E000E0072 /* LaunchScreen.storyboard in Resources */,
				440124EE24590C0E000E0072 /* Assets.xcassets in Resources */,
				440124EC24590C0C000E0072 /* Main.storyboard in Resources */,
			);
			runOnlyForDeploymentPostprocessing = 0;
		};
/* End PBXResourcesBuildPhase section */

/* Begin PBXSourcesBuildPhase section */
		440124DA24590C0B000E0072 /* Sources */ = {
			isa = PBXSourcesBuildPhase;
			buildActionMask = 2147483647;
			files = (
				440124FF24590E00000E0072 /* ContactsDetailViewController.m in Sources */,
				440124E324590C0B000E0072 /* AppDelegate.m in Sources */,
				440124F424590C0E000E0072 /* main.m in Sources */,
				440124FC24590DE5000E0072 /* ContactsTableViewController.m in Sources */,
				4401250224590E53000E0072 /* Contact.m in Sources */,
				440124E624590C0C000E0072 /* SceneDelegate.m in Sources */,
			);
			runOnlyForDeploymentPostprocessing = 0;
		};
/* End PBXSourcesBuildPhase section */

/* Begin PBXVariantGroup section */
		440124EA24590C0C000E0072 /* Main.storyboard */ = {
			isa = PBXVariantGroup;
			children = (
				440124EB24590C0C000E0072 /* Base */,
			);
			name = Main.storyboard;
			sourceTree = "<group>";
		};
		440124EF24590C0E000E0072 /* LaunchScreen.storyboard */ = {
			isa = PBXVariantGroup;
			children = (
				440124F024590C0E000E0072 /* Base */,
			);
			name = LaunchScreen.storyboard;
			sourceTree = "<group>";
		};
/* End PBXVariantGroup section */

/* Begin XCBuildConfiguration section */
		440124F524590C0E000E0072 /* Debug */ = {
			isa = XCBuildConfiguration;
			buildSettings = {
				ALWAYS_SEARCH_USER_PATHS = NO;
				CLANG_ANALYZER_NONNULL = YES;
				CLANG_ANALYZER_NUMBER_OBJECT_CONVERSION = YES_AGGRESSIVE;
				CLANG_CXX_LANGUAGE_STANDARD = "gnu++14";
				CLANG_CXX_LIBRARY = "libc++";
				CLANG_ENABLE_MODULES = YES;
				CLANG_ENABLE_OBJC_ARC = NO;
				CLANG_ENABLE_OBJC_WEAK = YES;
				CLANG_WARN_BLOCK_CAPTURE_AUTORELEASING = YES;
				CLANG_WARN_BOOL_CONVERSION = YES;
				CLANG_WARN_COMMA = YES;
				CLANG_WARN_CONSTANT_CONVERSION = YES;
				CLANG_WARN_DEPRECATED_OBJC_IMPLEMENTATIONS = YES;
				CLANG_WARN_DIRECT_OBJC_ISA_USAGE = YES_ERROR;
				CLANG_WARN_DOCUMENTATION_COMMENTS = YES;
				CLANG_WARN_EMPTY_BODY = YES;
				CLANG_WARN_ENUM_CONVERSION = YES;
				CLANG_WARN_INFINITE_RECURSION = YES;
				CLANG_WARN_INT_CONVERSION = YES;
				CLANG_WARN_NON_LITERAL_NULL_CONVERSION = YES;
				CLANG_WARN_OBJC_IMPLICIT_RETAIN_SELF = YES;
				CLANG_WARN_OBJC_LITERAL_CONVERSION = YES;
				CLANG_WARN_OBJC_ROOT_CLASS = YES_ERROR;
				CLANG_WARN_RANGE_LOOP_ANALYSIS = YES;
				CLANG_WARN_STRICT_PROTOTYPES = YES;
				CLANG_WARN_SUSPICIOUS_MOVE = YES;
				CLANG_WARN_UNGUARDED_AVAILABILITY = YES_AGGRESSIVE;
				CLANG_WARN_UNREACHABLE_CODE = YES;
				CLANG_WARN__DUPLICATE_METHOD_MATCH = YES;
				COPY_PHASE_STRIP = NO;
				DEBUG_INFORMATION_FORMAT = dwarf;
				ENABLE_STRICT_OBJC_MSGSEND = YES;
				ENABLE_TESTABILITY = YES;
				GCC_C_LANGUAGE_STANDARD = gnu11;
				GCC_DYNAMIC_NO_PIC = NO;
				GCC_NO_COMMON_BLOCKS = YES;
				GCC_OPTIMIZATION_LEVEL = 0;
				GCC_PREPROCESSOR_DEFINITIONS = (
					"DEBUG=1",
					"$(inherited)",
				);
				GCC_WARN_64_TO_32_BIT_CONVERSION = YES;
				GCC_WARN_ABOUT_RETURN_TYPE = YES_ERROR;
				GCC_WARN_UNDECLARED_SELECTOR = YES;
				GCC_WARN_UNINITIALIZED_AUTOS = YES_AGGRESSIVE;
				GCC_WARN_UNUSED_FUNCTION = YES;
				GCC_WARN_UNUSED_VARIABLE = YES;
				IPHONEOS_DEPLOYMENT_TARGET = 13.4;
				MTL_ENABLE_DEBUG_INFO = INCLUDE_SOURCE;
				MTL_FAST_MATH = YES;
				ONLY_ACTIVE_ARCH = YES;
				SDKROOT = iphoneos;
			};
			name = Debug;
		};
		440124F624590C0E000E0072 /* Release */ = {
			isa = XCBuildConfiguration;
			buildSettings = {
				ALWAYS_SEARCH_USER_PATHS = NO;
				CLANG_ANALYZER_NONNULL = YES;
				CLANG_ANALYZER_NUMBER_OBJECT_CONVERSION = YES_AGGRESSIVE;
				CLANG_CXX_LANGUAGE_STANDARD = "gnu++14";
				CLANG_CXX_LIBRARY = "libc++";
				CLANG_ENABLE_MODULES = YES;
				CLANG_ENABLE_OBJC_ARC = NO;
				CLANG_ENABLE_OBJC_WEAK = YES;
				CLANG_WARN_BLOCK_CAPTURE_AUTORELEASING = YES;
				CLANG_WARN_BOOL_CONVERSION = YES;
				CLANG_WARN_COMMA = YES;
				CLANG_WARN_CONSTANT_CONVERSION = YES;
				CLANG_WARN_DEPRECATED_OBJC_IMPLEMENTATIONS = YES;
				CLANG_WARN_DIRECT_OBJC_ISA_USAGE = YES_ERROR;
				CLANG_WARN_DOCUMENTATION_COMMENTS = YES;
				CLANG_WARN_EMPTY_BODY = YES;
				CLANG_WARN_ENUM_CONVERSION = YES;
				CLANG_WARN_INFINITE_RECURSION = YES;
				CLANG_WARN_INT_CONVERSION = YES;
				CLANG_WARN_NON_LITERAL_NULL_CONVERSION = YES;
				CLANG_WARN_OBJC_IMPLICIT_RETAIN_SELF = YES;
				CLANG_WARN_OBJC_LITERAL_CONVERSION = YES;
				CLANG_WARN_OBJC_ROOT_CLASS = YES_ERROR;
				CLANG_WARN_RANGE_LOOP_ANALYSIS = YES;
				CLANG_WARN_STRICT_PROTOTYPES = YES;
				CLANG_WARN_SUSPICIOUS_MOVE = YES;
				CLANG_WARN_UNGUARDED_AVAILABILITY = YES_AGGRESSIVE;
				CLANG_WARN_UNREACHABLE_CODE = YES;
				CLANG_WARN__DUPLICATE_METHOD_MATCH = YES;
				COPY_PHASE_STRIP = NO;
				DEBUG_INFORMATION_FORMAT = "dwarf-with-dsym";
				ENABLE_NS_ASSERTIONS = NO;
				ENABLE_STRICT_OBJC_MSGSEND = YES;
				GCC_C_LANGUAGE_STANDARD = gnu11;
				GCC_NO_COMMON_BLOCKS = YES;
				GCC_WARN_64_TO_32_BIT_CONVERSION = YES;
				GCC_WARN_ABOUT_RETURN_TYPE = YES_ERROR;
				GCC_WARN_UNDECLARED_SELECTOR = YES;
				GCC_WARN_UNINITIALIZED_AUTOS = YES_AGGRESSIVE;
				GCC_WARN_UNUSED_FUNCTION = YES;
				GCC_WARN_UNUSED_VARIABLE = YES;
				IPHONEOS_DEPLOYMENT_TARGET = 13.4;
				MTL_ENABLE_DEBUG_INFO = NO;
				MTL_FAST_MATH = YES;
				SDKROOT = iphoneos;
				VALIDATE_PRODUCT = YES;
			};
			name = Release;
		};
		440124F824590C0E000E0072 /* Debug */ = {
			isa = XCBuildConfiguration;
			buildSettings = {
				ASSETCATALOG_COMPILER_APPICON_NAME = AppIcon;
				CODE_SIGN_STYLE = Automatic;
				DEVELOPMENT_TEAM = 2MZREBG7BM;
				INFOPLIST_FILE = "Contacts-ObjC/Info.plist";
				LD_RUNPATH_SEARCH_PATHS = (
					"$(inherited)",
					"@executable_path/Frameworks",
				);
				PRODUCT_BUNDLE_IDENTIFIER = "com.craigswanson.Contacts-ObjC";
				PRODUCT_NAME = "$(TARGET_NAME)";
				TARGETED_DEVICE_FAMILY = "1,2";
			};
			name = Debug;
		};
		440124F924590C0E000E0072 /* Release */ = {
			isa = XCBuildConfiguration;
			buildSettings = {
				ASSETCATALOG_COMPILER_APPICON_NAME = AppIcon;
				CODE_SIGN_STYLE = Automatic;
				DEVELOPMENT_TEAM = 2MZREBG7BM;
				INFOPLIST_FILE = "Contacts-ObjC/Info.plist";
				LD_RUNPATH_SEARCH_PATHS = (
					"$(inherited)",
					"@executable_path/Frameworks",
				);
				PRODUCT_BUNDLE_IDENTIFIER = "com.craigswanson.Contacts-ObjC";
				PRODUCT_NAME = "$(TARGET_NAME)";
				TARGETED_DEVICE_FAMILY = "1,2";
			};
			name = Release;
		};
/* End XCBuildConfiguration section */

/* Begin XCConfigurationList section */
		440124D924590C0B000E0072 /* Build configuration list for PBXProject "Contacts-ObjC" */ = {
			isa = XCConfigurationList;
			buildConfigurations = (
				440124F524590C0E000E0072 /* Debug */,
				440124F624590C0E000E0072 /* Release */,
			);
			defaultConfigurationIsVisible = 0;
			defaultConfigurationName = Release;
		};
		440124F724590C0E000E0072 /* Build configuration list for PBXNativeTarget "Contacts-ObjC" */ = {
			isa = XCConfigurationList;
			buildConfigurations = (
				440124F824590C0E000E0072 /* Debug */,
				440124F924590C0E000E0072 /* Release */,
			);
			defaultConfigurationIsVisible = 0;
			defaultConfigurationName = Release;
		};
/* End XCConfigurationList section */
	};
	rootObject = 440124D624590C0B000E0072 /* Project object */;
}
